
Microsoft Visual Studio Solution File, Format Version 12.00
# Visual Studio Version 16
VisualStudioVersion = 16.0.32802.440
MinimumVisualStudioVersion = 10.0.40219.1
Project("{FAE04EC0-301F-11D3-BF4B-00C04F79EFBC}") = "WinFormBaraja", "WinFormBaraja\WinFormBaraja.csproj", "{B4515D9C-AC73-4CA5-8306-AAA64A4306DB}"
EndProject
Global
	GlobalSection(SolutionConfigurationPlatforms) = preSolution
		Debug|Any CPU = Debug|Any CPU
		Release|Any CPU = Release|Any CPU
	EndGlobalSection
	GlobalSection(ProjectConfigurationPlatforms) = postSolution
		{B4515D9C-AC73-4CA5-8306-AAA64A4306DB}.Debug|Any CPU.ActiveCfg = Debug|Any CPU
		{B4515D9C-AC73-4CA5-8306-AAA64A4306DB}.Debug|Any CPU.Build.0 = Debug|Any CPU
		{B4515D9C-AC73-4CA5-8306-AAA64A4306DB}.Release|Any CPU.ActiveCfg = Release|Any CPU
		{B4515D9C-AC73-4CA5-8306-AAA64A4306DB}.Release|Any CPU.Build.0 = Release|Any CPU
	EndGlobalSection
	GlobalSection(SolutionProperties) = preSolution
		HideSolutionNode = FALSE
	EndGlobalSection
	GlobalSection(ExtensibilityGlobals) = postSolution
		SolutionGuid = {28E7BD44-19A1-4FDC-919C-A8DEB267865D}
	EndGlobalSection
EndGlobal
